
Microsoft Visual Studio Solution File, Format Version 12.00
# Visual Studio Version 17
VisualStudioVersion = 17.9.34607.119
MinimumVisualStudioVersion = 10.0.40219.1
Project("{FAE04EC0-301F-11D3-BF4B-00C04F79EFBC}") = "webapp_manageSupperBrain", "webapp_manageSupperBrain\webapp_manageSupperBrain.csproj", "{3D9E6A38-A87B-42BF-B487-288709975DDA}"
EndProject
Global
	GlobalSection(SolutionConfigurationPlatforms) = preSolution
		Debug|Any CPU = Debug|Any CPU
		Release|Any CPU = Release|Any CPU
	EndGlobalSection
	GlobalSection(ProjectConfigurationPlatforms) = postSolution
		{3D9E6A38-A87B-42BF-B487-288709975DDA}.Debug|Any CPU.ActiveCfg = Debug|Any CPU
		{3D9E6A38-A87B-42BF-B487-288709975DDA}.Debug|Any CPU.Build.0 = Debug|Any CPU
		{3D9E6A38-A87B-42BF-B487-288709975DDA}.Release|Any CPU.ActiveCfg = Release|Any CPU
		{3D9E6A38-A87B-42BF-B487-288709975DDA}.Release|Any CPU.Build.0 = Release|Any CPU
	EndGlobalSection
	GlobalSection(SolutionProperties) = preSolution
		HideSolutionNode = FALSE
	EndGlobalSection
	GlobalSection(ExtensibilityGlobals) = postSolution
		SolutionGuid = {6E8FAA7D-F75A-487C-ABDD-E30CAC1A1712}
	EndGlobalSection
EndGlobal
